
Microsoft Visual Studio Solution File, Format Version 12.00
# Visual Studio Version 17
VisualStudioVersion = 17.6.33829.357
MinimumVisualStudioVersion = 10.0.40219.1
Project("{9A19103F-16F7-4668-BE54-9A1E7A4F7556}") = "AdministartorBotManager", "AdministartorBotManager12\AdministartorBotManager.csproj", "{E0884443-AD3C-4224-82CE-8632CFC7CA60}"
EndProject
Project("{9A19103F-16F7-4668-BE54-9A1E7A4F7556}") = "Repository", "Repository\Repository.csproj", "{FF7BF7B0-2119-4548-8412-1040596A7CB1}"
EndProject
Project("{9A19103F-16F7-4668-BE54-9A1E7A4F7556}") = "Service", "Service\Service.csproj", "{386307E0-870C-4D1D-9EEE-CDEC345270C1}"
EndProject
Project("{9A19103F-16F7-4668-BE54-9A1E7A4F7556}") = "Service.Model", "ServiceModels\Service.Model.csproj", "{E80D23BE-40F9-4C67-8F28-A7D08D617B78}"
EndProject
Project("{FAE04EC0-301F-11D3-BF4B-00C04F79EFBC}") = "Grpc.Client", "Grpc.Client\Grpc.Client.csproj", "{1A29535B-DBF1-413D-8653-AFB8E976D383}"
EndProject
Global
	GlobalSection(SolutionConfigurationPlatforms) = preSolution
		Debug|Any CPU = Debug|Any CPU
		Release|Any CPU = Release|Any CPU
	EndGlobalSection
	GlobalSection(ProjectConfigurationPlatforms) = postSolution
		{E0884443-AD3C-4224-82CE-8632CFC7CA60}.Debug|Any CPU.ActiveCfg = Debug|Any CPU
		{E0884443-AD3C-4224-82CE-8632CFC7CA60}.Debug|Any CPU.Build.0 = Debug|Any CPU
		{E0884443-AD3C-4224-82CE-8632CFC7CA60}.Release|Any CPU.ActiveCfg = Release|Any CPU
		{E0884443-AD3C-4224-82CE-8632CFC7CA60}.Release|Any CPU.Build.0 = Release|Any CPU
		{FF7BF7B0-2119-4548-8412-1040596A7CB1}.Debug|Any CPU.ActiveCfg = Debug|Any CPU
		{FF7BF7B0-2119-4548-8412-1040596A7CB1}.Debug|Any CPU.Build.0 = Debug|Any CPU
		{FF7BF7B0-2119-4548-8412-1040596A7CB1}.Release|Any CPU.ActiveCfg = Release|Any CPU
		{FF7BF7B0-2119-4548-8412-1040596A7CB1}.Release|Any CPU.Build.0 = Release|Any CPU
		{386307E0-870C-4D1D-9EEE-CDEC345270C1}.Debug|Any CPU.ActiveCfg = Debug|Any CPU
		{386307E0-870C-4D1D-9EEE-CDEC345270C1}.Debug|Any CPU.Build.0 = Debug|Any CPU
		{386307E0-870C-4D1D-9EEE-CDEC345270C1}.Release|Any CPU.ActiveCfg = Release|Any CPU
		{386307E0-870C-4D1D-9EEE-CDEC345270C1}.Release|Any CPU.Build.0 = Release|Any CPU
		{E80D23BE-40F9-4C67-8F28-A7D08D617B78}.Debug|Any CPU.ActiveCfg = Debug|Any CPU
		{E80D23BE-40F9-4C67-8F28-A7D08D617B78}.Debug|Any CPU.Build.0 = Debug|Any CPU
		{E80D23BE-40F9-4C67-8F28-A7D08D617B78}.Release|Any CPU.ActiveCfg = Release|Any CPU
		{E80D23BE-40F9-4C67-8F28-A7D08D617B78}.Release|Any CPU.Build.0 = Release|Any CPU
		{1A29535B-DBF1-413D-8653-AFB8E976D383}.Debug|Any CPU.ActiveCfg = Debug|Any CPU
		{1A29535B-DBF1-413D-8653-AFB8E976D383}.Debug|Any CPU.Build.0 = Debug|Any CPU
		{1A29535B-DBF1-413D-8653-AFB8E976D383}.Release|Any CPU.ActiveCfg = Release|Any CPU
		{1A29535B-DBF1-413D-8653-AFB8E976D383}.Release|Any CPU.Build.0 = Release|Any CPU
	EndGlobalSection
	GlobalSection(SolutionProperties) = preSolution
		HideSolutionNode = FALSE
	EndGlobalSection
	GlobalSection(ExtensibilityGlobals) = postSolution
		SolutionGuid = {6140B9B4-585F-4604-B0D1-51135DF0F0A0}
	EndGlobalSection
EndGlobal
